
Microsoft Visual Studio Solution File, Format Version 11.00
# Visual Studio 2010
Project("{FAE04EC0-301F-11D3-BF4B-00C04F79EFBC}") = "Assembly-CSharp", "Assembly-CSharp.csproj", "{baafa66a-a644-4c81-5867-94e41fa0e377}"
EndProject
Global
	GlobalSection(SolutionConfigurationPlatforms) = preSolution
		Debug|Any CPU = Debug|Any CPU
		Release|Any CPU = Release|Any CPU
	EndGlobalSection
	GlobalSection(ProjectConfigurationPlatforms) = postSolution
		{baafa66a-a644-4c81-5867-94e41fa0e377}.Debug|Any CPU.ActiveCfg = Debug|Any CPU
		{baafa66a-a644-4c81-5867-94e41fa0e377}.Debug|Any CPU.Build.0 = Debug|Any CPU
		{baafa66a-a644-4c81-5867-94e41fa0e377}.Release|Any CPU.ActiveCfg = Release|Any CPU
		{baafa66a-a644-4c81-5867-94e41fa0e377}.Release|Any CPU.Build.0 = Release|Any CPU
	EndGlobalSection
	GlobalSection(SolutionProperties) = preSolution
		HideSolutionNode = FALSE
	EndGlobalSection
EndGlobal
